// !$*UTF8*$!
{
	archiveVersion = 1;
	classes = {
	};
	objectVersion = 46;
	objects = {

/* Begin PBXBuildFile section */
		3F0D36A319D53D8400D2086A /* AppDelegate.swift in Sources */ = {isa = PBXBuildFile; fileRef = 3F0D36A219D53D8400D2086A /* AppDelegate.swift */; };
		3F0D36A519D53D8400D2086A /* ViewController.swift in Sources */ = {isa = PBXBuildFile; fileRef = 3F0D36A419D53D8400D2086A /* ViewController.swift */; };
		3F0D36A819D53D8400D2086A /* Main.storyboard in Resources */ = {isa = PBXBuildFile; fileRef = 3F0D36A619D53D8400D2086A /* Main.storyboard */; };
		3F0D36AA19D53D8400D2086A /* Images.xcassets in Resources */ = {isa = PBXBuildFile; fileRef = 3F0D36A919D53D8400D2086A /* Images.xcassets */; };
		3F0D36AD19D53D8400D2086A /* LaunchScreen.xib in Resources */ = {isa = PBXBuildFile; fileRef = 3F0D36AB19D53D8400D2086A /* LaunchScreen.xib */; };
		3F0D36B919D53D8400D2086A /* ShowNameTests.swift in Sources */ = {isa = PBXBuildFile; fileRef = 3F0D36B819D53D8400D2086A /* ShowNameTests.swift */; };
/* End PBXBuildFile section */

/* Begin PBXContainerItemProxy section */
		3F0D36B319D53D8400D2086A /* PBXContainerItemProxy */ = {
			isa = PBXContainerItemProxy;
			containerPortal = 3F0D369519D53D8400D2086A /* Project object */;
			proxyType = 1;
			remoteGlobalIDString = 3F0D369C19D53D8400D2086A;
			remoteInfo = ShowName;
		};
/* End PBXContainerItemProxy section */

/* Begin PBXFileReference section */
		3F0D369D19D53D8400D2086A /* ShowName.app */ = {isa = PBXFileReference; explicitFileType = wrapper.application; includeInIndex = 0; path = ShowName.app; sourceTree = BUILT_PRODUCTS_DIR; };
		3F0D36A119D53D8400D2086A /* Info.plist */ = {isa = PBXFileReference; lastKnownFileType = text.plist.xml; path = Info.plist; sourceTree = "<group>"; };
		3F0D36A219D53D8400D2086A /* AppDelegate.swift */ = {isa = PBXFileReference; lastKnownFileType = sourcecode.swift; path = AppDelegate.swift; sourceTree = "<group>"; };
		3F0D36A419D53D8400D2086A /* ViewController.swift */ = {isa = PBXFileReference; lastKnownFileType = sourcecode.swift; path = ViewController.swift; sourceTree = "<group>"; };
		3F0D36A719D53D8400D2086A /* Base */ = {isa = PBXFileReference; lastKnownFileType = file.storyboard; name = Base; path = Base.lproj/Main.storyboard; sourceTree = "<group>"; };
		3F0D36A919D53D8400D2086A /* Images.xcassets */ = {isa = PBXFileReference; lastKnownFileType = folder.assetcatalog; path = Images.xcassets; sourceTree = "<group>"; };
		3F0D36AC19D53D8400D2086A /* Base */ = {isa = PBXFileReference; lastKnownFileType = file.xib; name = Base; path = Base.lproj/LaunchScreen.xib; sourceTree = "<group>"; };
		3F0D36B219D53D8400D2086A /* ShowNameTests.xctest */ = {isa = PBXFileReference; explicitFileType = wrapper.cfbundle; includeInIndex = 0; path = ShowNameTests.xctest; sourceTree = BUILT_PRODUCTS_DIR; };
		3F0D36B719D53D8400D2086A /* Info.plist */ = {isa = PBXFileReference; lastKnownFileType = text.plist.xml; path = Info.plist; sourceTree = "<group>"; };
		3F0D36B819D53D8400D2086A /* ShowNameTests.swift */ = {isa = PBXFileReference; lastKnownFileType = sourcecode.swift; path = ShowNameTests.swift; sourceTree = "<group>"; };
/* End PBXFileReference section */

/* Begin PBXFrameworksBuildPhase section */
		3F0D369A19D53D8400D2086A /* Frameworks */ = {
			isa = PBXFrameworksBuildPhase;
			buildActionMask = 2147483647;
			files = (
			);
			runOnlyForDeploymentPostprocessing = 0;
		};
		3F0D36AF19D53D8400D2086A /* Frameworks */ = {
			isa = PBXFrameworksBuildPhase;
			buildActionMask = 2147483647;
			files = (
			);
			runOnlyForDeploymentPostprocessing = 0;
		};
/* End PBXFrameworksBuildPhase section */

/* Begin PBXGroup section */
		3F0D369419D53D8400D2086A = {
			isa = PBXGroup;
			children = (
				3F0D369F19D53D8400D2086A /* ShowName */,
				3F0D36B519D53D8400D2086A /* ShowNameTests */,
				3F0D369E19D53D8400D2086A /* Products */,
			);
			sourceTree = "<group>";
		};
		3F0D369E19D53D8400D2086A /* Products */ = {
			isa = PBXGroup;
			children = (
				3F0D369D19D53D8400D2086A /* ShowName.app */,
				3F0D36B219D53D8400D2086A /* ShowNameTests.xctest */,
			);
			name = Products;
			sourceTree = "<group>";
		};
		3F0D369F19D53D8400D2086A /* ShowName */ = {
			isa = PBXGroup;
			children = (
				3F0D36A219D53D8400D2086A /* AppDelegate.swift */,
				3F0D36A419D53D8400D2086A /* ViewController.swift */,
				3F0D36A619D53D8400D2086A /* Main.storyboard */,
				3F0D36A919D53D8400D2086A /* Images.xcassets */,
				3F0D36AB19D53D8400D2086A /* LaunchScreen.xib */,
				3F0D36A019D53D8400D2086A /* Supporting Files */,
			);
			path = ShowName;
			sourceTree = "<group>";
		};
		3F0D36A019D53D8400D2086A /* Supporting Files */ = {
			isa = PBXGroup;
			children = (
				3F0D36A119D53D8400D2086A /* Info.plist */,
			);
			name = "Supporting Files";
			sourceTree = "<group>";
		};
		3F0D36B519D53D8400D2086A /* ShowNameTests */ = {
			isa = PBXGroup;
			children = (
				3F0D36B819D53D8400D2086A /* ShowNameTests.swift */,
				3F0D36B619D53D8400D2086A /* Supporting Files */,
			);
			path = ShowNameTests;
			sourceTree = "<group>";
		};
		3F0D36B619D53D8400D2086A /* Supporting Files */ = {
			isa = PBXGroup;
			children = (
				3F0D36B719D53D8400D2086A /* Info.plist */,
			);
			name = "Supporting Files";
			sourceTree = "<group>";
		};
/* End PBXGroup section */

/* Begin PBXNativeTarget section */
		3F0D369C19D53D8400D2086A /* ShowName */ = {
			isa = PBXNativeTarget;
			buildConfigurationList = 3F0D36BC19D53D8400D2086A /* Build configuration list for PBXNativeTarget "ShowName" */;
			buildPhases = (
				3F0D369919D53D8400D2086A /* Sources */,
				3F0D369A19D53D8400D2086A /* Frameworks */,
				3F0D369B19D53D8400D2086A /* Resources */,
			);
			buildRules = (
			);
			dependencies = (
			);
			name = ShowName;
			productName = ShowName;
			productReference = 3F0D369D19D53D8400D2086A /* ShowName.app */;
			productType = "com.apple.product-type.application";
		};
		3F0D36B119D53D8400D2086A /* ShowNameTests */ = {
			isa = PBXNativeTarget;
			buildConfigurationList = 3F0D36BF19D53D8400D2086A /* Build configuration list for PBXNativeTarget "ShowNameTests" */;
			buildPhases = (
				3F0D36AE19D53D8400D2086A /* Sources */,
				3F0D36AF19D53D8400D2086A /* Frameworks */,
				3F0D36B019D53D8400D2086A /* Resources */,
			);
			buildRules = (
			);
			dependencies = (
				3F0D36B419D53D8400D2086A /* PBXTargetDependency */,
			);
			name = ShowNameTests;
			productName = ShowNameTests;
			productReference = 3F0D36B219D53D8400D2086A /* ShowNameTests.xctest */;
			productType = "com.apple.product-type.bundle.unit-test";
		};
/* End PBXNativeTarget section */

/* Begin PBXProject section */
		3F0D369519D53D8400D2086A /* Project object */ = {
			isa = PBXProject;
			attributes = {
				LastUpgradeCheck = 0600;
				ORGANIZATIONNAME = Student;
				TargetAttributes = {
					3F0D369C19D53D8400D2086A = {
						CreatedOnToolsVersion = 6.0;
					};
					3F0D36B119D53D8400D2086A = {
						CreatedOnToolsVersion = 6.0;
						TestTargetID = 3F0D369C19D53D8400D2086A;
					};
				};
			};
			buildConfigurationList = 3F0D369819D53D8400D2086A /* Build configuration list for PBXProject "ShowName" */;
			compatibilityVersion = "Xcode 3.2";
			developmentRegion = English;
			hasScannedForEncodings = 0;
			knownRegions = (
				en,
				Base,
			);
			mainGroup = 3F0D369419D53D8400D2086A;
			productRefGroup = 3F0D369E19D53D8400D2086A /* Products */;
			projectDirPath = "";
			projectRoot = "";
			targets = (
				3F0D369C19D53D8400D2086A /* ShowName */,
				3F0D36B119D53D8400D2086A /* ShowNameTests */,
			);
		};
/* End PBXProject section */

/* Begin PBXResourcesBuildPhase section */
		3F0D369B19D53D8400D2086A /* Resources */ = {
			isa = PBXResourcesBuildPhase;
			buildActionMask = 2147483647;
			files = (
				3F0D36A819D53D8400D2086A /* Main.storyboard in Resources */,
				3F0D36AD19D53D8400D2086A /* LaunchScreen.xib in Resources */,
				3F0D36AA19D53D8400D2086A /* Images.xcassets in Resources */,
			);
			runOnlyForDeploymentPostprocessing = 0;
		};
		3F0D36B019D53D8400D2086A /* Resources */ = {
			isa = PBXResourcesBuildPhase;
			buildActionMask = 2147483647;
			files = (
			);
			runOnlyForDeploymentPostprocessing = 0;
		};
/* End PBXResourcesBuildPhase section */

/* Begin PBXSourcesBuildPhase section */
		3F0D369919D53D8400D2086A /* Sources */ = {
			isa = PBXSourcesBuildPhase;
			buildActionMask = 2147483647;
			files = (
				3F0D36A519D53D8400D2086A /* ViewController.swift in Sources */,
				3F0D36A319D53D8400D2086A /* AppDelegate.swift in Sources */,
			);
			runOnlyForDeploymentPostprocessing = 0;
		};
		3F0D36AE19D53D8400D2086A /* Sources */ = {
			isa = PBXSourcesBuildPhase;
			buildActionMask = 2147483647;
			files = (
				3F0D36B919D53D8400D2086A /* ShowNameTests.swift in Sources */,
			);
			runOnlyForDeploymentPostprocessing = 0;
		};
/* End PBXSourcesBuildPhase section */

/* Begin PBXTargetDependency section */
		3F0D36B419D53D8400D2086A /* PBXTargetDependency */ = {
			isa = PBXTargetDependency;
			target = 3F0D369C19D53D8400D2086A /* ShowName */;
			targetProxy = 3F0D36B319D53D8400D2086A /* PBXContainerItemProxy */;
		};
/* End PBXTargetDependency section */

/* Begin PBXVariantGroup section */
		3F0D36A619D53D8400D2086A /* Main.storyboard */ = {
			isa = PBXVariantGroup;
			children = (
				3F0D36A719D53D8400D2086A /* Base */,
			);
			name = Main.storyboard;
			sourceTree = "<group>";
		};
		3F0D36AB19D53D8400D2086A /* LaunchScreen.xib */ = {
			isa = PBXVariantGroup;
			children = (
				3F0D36AC19D53D8400D2086A /* Base */,
			);
			name = LaunchScreen.xib;
			sourceTree = "<group>";
		};
/* End PBXVariantGroup section */

/* Begin XCBuildConfiguration section */
		3F0D36BA19D53D8400D2086A /* Debug */ = {
			isa = XCBuildConfiguration;
			buildSettings = {
				ALWAYS_SEARCH_USER_PATHS = NO;
				CLANG_CXX_LANGUAGE_STANDARD = "gnu++0x";
				CLANG_CXX_LIBRARY = "libc++";
				CLANG_ENABLE_MODULES = YES;
				CLANG_ENABLE_OBJC_ARC = YES;
				CLANG_WARN_BOOL_CONVERSION = YES;
				CLANG_WARN_CONSTANT_CONVERSION = YES;
				CLANG_WARN_DIRECT_OBJC_ISA_USAGE = YES_ERROR;
				CLANG_WARN_EMPTY_BODY = YES;
				CLANG_WARN_ENUM_CONVERSION = YES;
				CLANG_WARN_INT_CONVERSION = YES;
				CLANG_WARN_OBJC_ROOT_CLASS = YES_ERROR;
				CLANG_WARN_UNREACHABLE_CODE = YES;
				CLANG_WARN__DUPLICATE_METHOD_MATCH = YES;
				"CODE_SIGN_IDENTITY[sdk=iphoneos*]" = "iPhone Developer";
				COPY_PHASE_STRIP = NO;
				ENABLE_STRICT_OBJC_MSGSEND = YES;
				GCC_C_LANGUAGE_STANDARD = gnu99;
				GCC_DYNAMIC_NO_PIC = NO;
				GCC_OPTIMIZATION_LEVEL = 0;
				GCC_PREPROCESSOR_DEFINITIONS = (
					"DEBUG=1",
					"$(inherited)",
				);
				GCC_SYMBOLS_PRIVATE_EXTERN = NO;
				GCC_WARN_64_TO_32_BIT_CONVERSION = YES;
				GCC_WARN_ABOUT_RETURN_TYPE = YES_ERROR;
				GCC_WARN_UNDECLARED_SELECTOR = YES;
				GCC_WARN_UNINITIALIZED_AUTOS = YES_AGGRESSIVE;
				GCC_WARN_UNUSED_FUNCTION = YES;
				GCC_WARN_UNUSED_VARIABLE = YES;
				IPHONEOS_DEPLOYMENT_TARGET = 8.0;
				MTL_ENABLE_DEBUG_INFO = YES;
				ONLY_ACTIVE_ARCH = YES;
				SDKROOT = iphoneos;
				SWIFT_OPTIMIZATION_LEVEL = "-Onone";
			};
			name = Debug;
		};
		3F0D36BB19D53D8400D2086A /* Release */ = {
			isa = XCBuildConfiguration;
			buildSettings = {
				ALWAYS_SEARCH_USER_PATHS = NO;
				CLANG_CXX_LANGUAGE_STANDARD = "gnu++0x";
				CLANG_CXX_LIBRARY = "libc++";
				CLANG_ENABLE_MODULES = YES;
				CLANG_ENABLE_OBJC_ARC = YES;
				CLANG_WARN_BOOL_CONVERSION = YES;
				CLANG_WARN_CONSTANT_CONVERSION = YES;
				CLANG_WARN_DIRECT_OBJC_ISA_USAGE = YES_ERROR;
				CLANG_WARN_EMPTY_BODY = YES;
				CLANG_WARN_ENUM_CONVERSION = YES;
				CLANG_WARN_INT_CONVERSION = YES;
				CLANG_WARN_OBJC_ROOT_CLASS = YES_ERROR;
				CLANG_WARN_UNREACHABLE_CODE = YES;
				CLANG_WARN__DUPLICATE_METHOD_MATCH = YES;
				"CODE_SIGN_IDENTITY[sdk=iphoneos*]" = "iPhone Developer";
				COPY_PHASE_STRIP = YES;
				ENABLE_NS_ASSERTIONS = NO;
				ENABLE_STRICT_OBJC_MSGSEND = YES;
				GCC_C_LANGUAGE_STANDARD = gnu99;
				GCC_WARN_64_TO_32_BIT_CONVERSION = YES;
				GCC_WARN_ABOUT_RETURN_TYPE = YES_ERROR;
				GCC_WARN_UNDECLARED_SELECTOR = YES;
				GCC_WARN_UNINITIALIZED_AUTOS = YES_AGGRESSIVE;
				GCC_WARN_UNUSED_FUNCTION = YES;
				GCC_WARN_UNUSED_VARIABLE = YES;
				IPHONEOS_DEPLOYMENT_TARGET = 8.0;
				MTL_ENABLE_DEBUG_INFO = NO;
				SDKROOT = iphoneos;
				VALIDATE_PRODUCT = YES;
			};
			name = Release;
		};
		3F0D36BD19D53D8400D2086A /* Debug */ = {
			isa = XCBuildConfiguration;
			buildSettings = {
				ASSETCATALOG_COMPILER_APPICON_NAME = AppIcon;
				INFOPLIST_FILE = ShowName/Info.plist;
				LD_RUNPATH_SEARCH_PATHS = "$(inherited) @executable_path/Frameworks";
				PRODUCT_NAME = "$(TARGET_NAME)";
			};
			name = Debug;
		};
		3F0D36BE19D53D8400D2086A /* Release */ = {
			isa = XCBuildConfiguration;
			buildSettings = {
				ASSETCATALOG_COMPILER_APPICON_NAME = AppIcon;
				INFOPLIST_FILE = ShowName/Info.plist;
				LD_RUNPATH_SEARCH_PATHS = "$(inherited) @executable_path/Frameworks";
				PRODUCT_NAME = "$(TARGET_NAME)";
			};
			name = Release;
		};
		3F0D36C019D53D8400D2086A /* Debug */ = {
			isa = XCBuildConfiguration;
			buildSettings = {
				BUNDLE_LOADER = "$(TEST_HOST)";
				FRAMEWORK_SEARCH_PATHS = (
					"$(SDKROOT)/Developer/Library/Frameworks",
					"$(inherited)",
				);
				GCC_PREPROCESSOR_DEFINITIONS = (
					"DEBUG=1",
					"$(inherited)",
				);
				INFOPLIST_FILE = ShowNameTests/Info.plist;
				LD_RUNPATH_SEARCH_PATHS = "$(inherited) @executable_path/Frameworks @loader_path/Frameworks";
				PRODUCT_NAME = "$(TARGET_NAME)";
				TEST_HOST = "$(BUILT_PRODUCTS_DIR)/ShowName.app/ShowName";
			};
			name = Debug;
		};
		3F0D36C119D53D8400D2086A /* Release */ = {
			isa = XCBuildConfiguration;
			buildSettings = {
				BUNDLE_LOADER = "$(TEST_HOST)";
				FRAMEWORK_SEARCH_PATHS = (
					"$(SDKROOT)/Developer/Library/Frameworks",
					"$(inherited)",
				);
				INFOPLIST_FILE = ShowNameTests/Info.plist;
				LD_RUNPATH_SEARCH_PATHS = "$(inherited) @executable_path/Frameworks @loader_path/Frameworks";
				PRODUCT_NAME = "$(TARGET_NAME)";
				TEST_HOST = "$(BUILT_PRODUCTS_DIR)/ShowName.app/ShowName";
			};
			name = Release;
		};
/* End XCBuildConfiguration section */

/* Begin XCConfigurationList section */
		3F0D369819D53D8400D2086A /* Build configuration list for PBXProject "ShowName" */ = {
			isa = XCConfigurationList;
			buildConfigurations = (
				3F0D36BA19D53D8400D2086A /* Debug */,
				3F0D36BB19D53D8400D2086A /* Release */,
			);
			defaultConfigurationIsVisible = 0;
			defaultConfigurationName = Release;
		};
		3F0D36BC19D53D8400D2086A /* Build configuration list for PBXNativeTarget "ShowName" */ = {
			isa = XCConfigurationList;
			buildConfigurations = (
				3F0D36BD19D53D8400D2086A /* Debug */,
				3F0D36BE19D53D8400D2086A /* Release */,
			);
			defaultConfigurationIsVisible = 0;
		};
		3F0D36BF19D53D8400D2086A /* Build configuration list for PBXNativeTarget "ShowNameTests" */ = {
			isa = XCConfigurationList;
			buildConfigurations = (
				3F0D36C019D53D8400D2086A /* Debug */,
				3F0D36C119D53D8400D2086A /* Release */,
			);
			defaultConfigurationIsVisible = 0;
		};
/* End XCConfigurationList section */
	};
	rootObject = 3F0D369519D53D8400D2086A /* Project object */;
}
